
Microsoft Visual Studio Solution File, Format Version 12.00
# Visual Studio Version 17
VisualStudioVersion = 17.8.34316.72
MinimumVisualStudioVersion = 10.0.40219.1
Project("{9A19103F-16F7-4668-BE54-9A1E7A4F7556}") = "HospitalManager.Entities", "HospitalManager.Entities\HospitalManager.Entities.csproj", "{E5999CDC-0E96-4C7F-B647-4955E5B27D92}"
EndProject
Project("{9A19103F-16F7-4668-BE54-9A1E7A4F7556}") = "HospitalManager.DataAccess", "HospitalManager.DataAccess\HospitalManager.DataAccess.csproj", "{6597E5A7-59FD-4538-8BA1-D79A99008AE1}"
EndProject
Project("{9A19103F-16F7-4668-BE54-9A1E7A4F7556}") = "HospitalManager.Business", "HospitalManager.Business\HospitalManager.Business.csproj", "{50534A70-56EE-49B5-A67C-6FDE5FDF01FD}"
EndProject
Project("{FAE04EC0-301F-11D3-BF4B-00C04F79EFBC}") = "HospitalManager.API", "HospitalManager.API\HospitalManager.API.csproj", "{4E564E47-65D3-4291-8F22-45ABFD1887B1}"
EndProject
Global
	GlobalSection(SolutionConfigurationPlatforms) = preSolution
		Debug|Any CPU = Debug|Any CPU
		Release|Any CPU = Release|Any CPU
	EndGlobalSection
	GlobalSection(ProjectConfigurationPlatforms) = postSolution
		{E5999CDC-0E96-4C7F-B647-4955E5B27D92}.Debug|Any CPU.ActiveCfg = Debug|Any CPU
		{E5999CDC-0E96-4C7F-B647-4955E5B27D92}.Debug|Any CPU.Build.0 = Debug|Any CPU
		{E5999CDC-0E96-4C7F-B647-4955E5B27D92}.Release|Any CPU.ActiveCfg = Release|Any CPU
		{E5999CDC-0E96-4C7F-B647-4955E5B27D92}.Release|Any CPU.Build.0 = Release|Any CPU
		{6597E5A7-59FD-4538-8BA1-D79A99008AE1}.Debug|Any CPU.ActiveCfg = Debug|Any CPU
		{6597E5A7-59FD-4538-8BA1-D79A99008AE1}.Debug|Any CPU.Build.0 = Debug|Any CPU
		{6597E5A7-59FD-4538-8BA1-D79A99008AE1}.Release|Any CPU.ActiveCfg = Release|Any CPU
		{6597E5A7-59FD-4538-8BA1-D79A99008AE1}.Release|Any CPU.Build.0 = Release|Any CPU
		{50534A70-56EE-49B5-A67C-6FDE5FDF01FD}.Debug|Any CPU.ActiveCfg = Debug|Any CPU
		{50534A70-56EE-49B5-A67C-6FDE5FDF01FD}.Debug|Any CPU.Build.0 = Debug|Any CPU
		{50534A70-56EE-49B5-A67C-6FDE5FDF01FD}.Release|Any CPU.ActiveCfg = Release|Any CPU
		{50534A70-56EE-49B5-A67C-6FDE5FDF01FD}.Release|Any CPU.Build.0 = Release|Any CPU
		{4E564E47-65D3-4291-8F22-45ABFD1887B1}.Debug|Any CPU.ActiveCfg = Debug|Any CPU
		{4E564E47-65D3-4291-8F22-45ABFD1887B1}.Debug|Any CPU.Build.0 = Debug|Any CPU
		{4E564E47-65D3-4291-8F22-45ABFD1887B1}.Release|Any CPU.ActiveCfg = Release|Any CPU
		{4E564E47-65D3-4291-8F22-45ABFD1887B1}.Release|Any CPU.Build.0 = Release|Any CPU
	EndGlobalSection
	GlobalSection(SolutionProperties) = preSolution
		HideSolutionNode = FALSE
	EndGlobalSection
	GlobalSection(ExtensibilityGlobals) = postSolution
		SolutionGuid = {63DC091A-4B2B-491D-BF04-E0C89B63F8BD}
	EndGlobalSection
EndGlobal
